// !$*UTF8*$!
{
	archiveVersion = 1;
	classes = {
	};
	objectVersion = 56;
	objects = {

/* Begin PBXBuildFile section */
		8CCA7FD3492B985F4ADAA3AC /* Pods_halfModalUsingLibrary.framework in Frameworks */ = {isa = PBXBuildFile; fileRef = 24D4BBE6A6CBC72B2C851FCF /* Pods_halfModalUsingLibrary.framework */; };
		FD22282A2910AC2A000D68C7 /* ViewController.swift in Sources */ = {isa = PBXBuildFile; fileRef = FD2228292910AC2A000D68C7 /* ViewController.swift */; };
		FD22282C2910B22E000D68C7 /* BasketMedicine.swift in Sources */ = {isa = PBXBuildFile; fileRef = FD22282B2910B22E000D68C7 /* BasketMedicine.swift */; };
		FD4BD2FC291B9AF800099B23 /* EditViewController.swift in Sources */ = {isa = PBXBuildFile; fileRef = FD4BD2FA291B9AF800099B23 /* EditViewController.swift */; };
		FD4BD2FD291B9AF900099B23 /* EditViewController.xib in Resources */ = {isa = PBXBuildFile; fileRef = FD4BD2FB291B9AF800099B23 /* EditViewController.xib */; };
		FD6F0196290F75E500D1919B /* BasketBottomView.swift in Sources */ = {isa = PBXBuildFile; fileRef = FD6F0195290F75E500D1919B /* BasketBottomView.swift */; };
		FD6F0198290F760700D1919B /* BasketBottomView.xib in Resources */ = {isa = PBXBuildFile; fileRef = FD6F0197290F760700D1919B /* BasketBottomView.xib */; };
		FD83D3FF290A0FF700596AF4 /* BasketTopView.xib in Resources */ = {isa = PBXBuildFile; fileRef = FD83D3FE290A0FF700596AF4 /* BasketTopView.xib */; };
		FD83D401290A100700596AF4 /* BasketTopView.swift in Sources */ = {isa = PBXBuildFile; fileRef = FD83D400290A100700596AF4 /* BasketTopView.swift */; };
		FD83D403290A157300596AF4 /* NibView.swift in Sources */ = {isa = PBXBuildFile; fileRef = FD83D402290A157200596AF4 /* NibView.swift */; };
		FD83D406290A187700596AF4 /* BasketCollectionViewCell.swift in Sources */ = {isa = PBXBuildFile; fileRef = FD83D404290A187700596AF4 /* BasketCollectionViewCell.swift */; };
		FD83D407290A187700596AF4 /* BasketCollectionViewCell.xib in Resources */ = {isa = PBXBuildFile; fileRef = FD83D405290A187700596AF4 /* BasketCollectionViewCell.xib */; };
		FDBE752A290940EC002BD46F /* AppDelegate.swift in Sources */ = {isa = PBXBuildFile; fileRef = FDBE7529290940EC002BD46F /* AppDelegate.swift */; };
		FDBE752C290940EC002BD46F /* SceneDelegate.swift in Sources */ = {isa = PBXBuildFile; fileRef = FDBE752B290940EC002BD46F /* SceneDelegate.swift */; };
		FDBE7531290940EC002BD46F /* Main.storyboard in Resources */ = {isa = PBXBuildFile; fileRef = FDBE752F290940EC002BD46F /* Main.storyboard */; };
		FDBE7533290940EE002BD46F /* Assets.xcassets in Resources */ = {isa = PBXBuildFile; fileRef = FDBE7532290940EE002BD46F /* Assets.xcassets */; };
		FDBE7536290940EE002BD46F /* LaunchScreen.storyboard in Resources */ = {isa = PBXBuildFile; fileRef = FDBE7534290940EE002BD46F /* LaunchScreen.storyboard */; };
		FDBE753E290946B6002BD46F /* BasketViewController.swift in Sources */ = {isa = PBXBuildFile; fileRef = FDBE753D290946B6002BD46F /* BasketViewController.swift */; };
		FDBE7540290950A3002BD46F /* MyFloatingPanelLayout.swift in Sources */ = {isa = PBXBuildFile; fileRef = FDBE753F290950A3002BD46F /* MyFloatingPanelLayout.swift */; };
		FDBE754229096445002BD46F /* BasketViewController.xib in Resources */ = {isa = PBXBuildFile; fileRef = FDBE754129096445002BD46F /* BasketViewController.xib */; };
/* End PBXBuildFile section */

/* Begin PBXFileReference section */
		03B1413A00428A042030BFFA /* Pods-halfModalUsingLibrary.debug.xcconfig */ = {isa = PBXFileReference; includeInIndex = 1; lastKnownFileType = text.xcconfig; name = "Pods-halfModalUsingLibrary.debug.xcconfig"; path = "Target Support Files/Pods-halfModalUsingLibrary/Pods-halfModalUsingLibrary.debug.xcconfig"; sourceTree = "<group>"; };
		24D4BBE6A6CBC72B2C851FCF /* Pods_halfModalUsingLibrary.framework */ = {isa = PBXFileReference; explicitFileType = wrapper.framework; includeInIndex = 0; path = Pods_halfModalUsingLibrary.framework; sourceTree = BUILT_PRODUCTS_DIR; };
		7284EF17EA56F37056180C79 /* Pods-halfModalUsingLibrary.release.xcconfig */ = {isa = PBXFileReference; includeInIndex = 1; lastKnownFileType = text.xcconfig; name = "Pods-halfModalUsingLibrary.release.xcconfig"; path = "Target Support Files/Pods-halfModalUsingLibrary/Pods-halfModalUsingLibrary.release.xcconfig"; sourceTree = "<group>"; };
		FD2228292910AC2A000D68C7 /* ViewController.swift */ = {isa = PBXFileReference; fileEncoding = 4; lastKnownFileType = sourcecode.swift; path = ViewController.swift; sourceTree = "<group>"; };
		FD22282B2910B22E000D68C7 /* BasketMedicine.swift */ = {isa = PBXFileReference; lastKnownFileType = sourcecode.swift; path = BasketMedicine.swift; sourceTree = "<group>"; };
		FD4BD2FA291B9AF800099B23 /* EditViewController.swift */ = {isa = PBXFileReference; lastKnownFileType = sourcecode.swift; path = EditViewController.swift; sourceTree = "<group>"; };
		FD4BD2FB291B9AF800099B23 /* EditViewController.xib */ = {isa = PBXFileReference; lastKnownFileType = file.xib; path = EditViewController.xib; sourceTree = "<group>"; };
		FD6F0195290F75E500D1919B /* BasketBottomView.swift */ = {isa = PBXFileReference; lastKnownFileType = sourcecode.swift; path = BasketBottomView.swift; sourceTree = "<group>"; };
		FD6F0197290F760700D1919B /* BasketBottomView.xib */ = {isa = PBXFileReference; lastKnownFileType = file.xib; path = BasketBottomView.xib; sourceTree = "<group>"; };
		FD83D3FE290A0FF700596AF4 /* BasketTopView.xib */ = {isa = PBXFileReference; lastKnownFileType = file.xib; path = BasketTopView.xib; sourceTree = "<group>"; };
		FD83D400290A100700596AF4 /* BasketTopView.swift */ = {isa = PBXFileReference; lastKnownFileType = sourcecode.swift; path = BasketTopView.swift; sourceTree = "<group>"; };
		FD83D402290A157200596AF4 /* NibView.swift */ = {isa = PBXFileReference; lastKnownFileType = sourcecode.swift; path = NibView.swift; sourceTree = "<group>"; };
		FD83D404290A187700596AF4 /* BasketCollectionViewCell.swift */ = {isa = PBXFileReference; lastKnownFileType = sourcecode.swift; path = BasketCollectionViewCell.swift; sourceTree = "<group>"; };
		FD83D405290A187700596AF4 /* BasketCollectionViewCell.xib */ = {isa = PBXFileReference; lastKnownFileType = file.xib; path = BasketCollectionViewCell.xib; sourceTree = "<group>"; };
		FDBE7526290940EC002BD46F /* halfModalUsingLibrary.app */ = {isa = PBXFileReference; explicitFileType = wrapper.application; includeInIndex = 0; path = halfModalUsingLibrary.app; sourceTree = BUILT_PRODUCTS_DIR; };
		FDBE7529290940EC002BD46F /* AppDelegate.swift */ = {isa = PBXFileReference; lastKnownFileType = sourcecode.swift; path = AppDelegate.swift; sourceTree = "<group>"; };
		FDBE752B290940EC002BD46F /* SceneDelegate.swift */ = {isa = PBXFileReference; lastKnownFileType = sourcecode.swift; path = SceneDelegate.swift; sourceTree = "<group>"; };
		FDBE7530290940EC002BD46F /* Base */ = {isa = PBXFileReference; lastKnownFileType = file.storyboard; name = Base; path = Base.lproj/Main.storyboard; sourceTree = "<group>"; };
		FDBE7532290940EE002BD46F /* Assets.xcassets */ = {isa = PBXFileReference; lastKnownFileType = folder.assetcatalog; path = Assets.xcassets; sourceTree = "<group>"; };
		FDBE7535290940EE002BD46F /* Base */ = {isa = PBXFileReference; lastKnownFileType = file.storyboard; name = Base; path = Base.lproj/LaunchScreen.storyboard; sourceTree = "<group>"; };
		FDBE7537290940EE002BD46F /* Info.plist */ = {isa = PBXFileReference; lastKnownFileType = text.plist.xml; path = Info.plist; sourceTree = "<group>"; };
		FDBE753D290946B6002BD46F /* BasketViewController.swift */ = {isa = PBXFileReference; lastKnownFileType = sourcecode.swift; path = BasketViewController.swift; sourceTree = "<group>"; };
		FDBE753F290950A3002BD46F /* MyFloatingPanelLayout.swift */ = {isa = PBXFileReference; lastKnownFileType = sourcecode.swift; path = MyFloatingPanelLayout.swift; sourceTree = "<group>"; };
		FDBE754129096445002BD46F /* BasketViewController.xib */ = {isa = PBXFileReference; lastKnownFileType = file.xib; path = BasketViewController.xib; sourceTree = "<group>"; };
/* End PBXFileReference section */

/* Begin PBXFrameworksBuildPhase section */
		FDBE7523290940EC002BD46F /* Frameworks */ = {
			isa = PBXFrameworksBuildPhase;
			buildActionMask = 2147483647;
			files = (
				8CCA7FD3492B985F4ADAA3AC /* Pods_halfModalUsingLibrary.framework in Frameworks */,
			);
			runOnlyForDeploymentPostprocessing = 0;
		};
/* End PBXFrameworksBuildPhase section */

/* Begin PBXGroup section */
		564FDFF10A31E81DB231EFAE /* Frameworks */ = {
			isa = PBXGroup;
			children = (
				24D4BBE6A6CBC72B2C851FCF /* Pods_halfModalUsingLibrary.framework */,
			);
			name = Frameworks;
			sourceTree = "<group>";
		};
		57AE08FA03CB1417F581D7A7 /* Pods */ = {
			isa = PBXGroup;
			children = (
				03B1413A00428A042030BFFA /* Pods-halfModalUsingLibrary.debug.xcconfig */,
				7284EF17EA56F37056180C79 /* Pods-halfModalUsingLibrary.release.xcconfig */,
			);
			path = Pods;
			sourceTree = "<group>";
		};
		FD79BF12291B86F100FA96A0 /* Cell */ = {
			isa = PBXGroup;
			children = (
				FD83D404290A187700596AF4 /* BasketCollectionViewCell.swift */,
			);
			path = Cell;
			sourceTree = "<group>";
		};
		FD79BF13291B870900FA96A0 /* Model */ = {
			isa = PBXGroup;
			children = (
				FD22282B2910B22E000D68C7 /* BasketMedicine.swift */,
			);
			path = Model;
			sourceTree = "<group>";
		};
		FD89770F291B866400439418 /* VIew */ = {
			isa = PBXGroup;
			children = (
				FDBE753F290950A3002BD46F /* MyFloatingPanelLayout.swift */,
				FD83D402290A157200596AF4 /* NibView.swift */,
				FD83D400290A100700596AF4 /* BasketTopView.swift */,
				FD83D3FE290A0FF700596AF4 /* BasketTopView.xib */,
				FD83D405290A187700596AF4 /* BasketCollectionViewCell.xib */,
				FD6F0195290F75E500D1919B /* BasketBottomView.swift */,
				FD6F0197290F760700D1919B /* BasketBottomView.xib */,
				FD79BF12291B86F100FA96A0 /* Cell */,
			);
			path = VIew;
			sourceTree = "<group>";
		};
		FD897710291B868600439418 /* ViewController */ = {
			isa = PBXGroup;
			children = (
				FD2228292910AC2A000D68C7 /* ViewController.swift */,
				FDBE753D290946B6002BD46F /* BasketViewController.swift */,
				FDBE754129096445002BD46F /* BasketViewController.xib */,
				FD4BD2FA291B9AF800099B23 /* EditViewController.swift */,
				FD4BD2FB291B9AF800099B23 /* EditViewController.xib */,
			);
			path = ViewController;
			sourceTree = "<group>";
		};
		FDBE751D290940EC002BD46F = {
			isa = PBXGroup;
			children = (
				FDBE7528290940EC002BD46F /* halfModalUsingLibrary */,
				FDBE7527290940EC002BD46F /* Products */,
				57AE08FA03CB1417F581D7A7 /* Pods */,
				564FDFF10A31E81DB231EFAE /* Frameworks */,
			);
			sourceTree = "<group>";
		};
		FDBE7527290940EC002BD46F /* Products */ = {
			isa = PBXGroup;
			children = (
				FDBE7526290940EC002BD46F /* halfModalUsingLibrary.app */,
			);
			name = Products;
			sourceTree = "<group>";
		};
		FDBE7528290940EC002BD46F /* halfModalUsingLibrary */ = {
			isa = PBXGroup;
			children = (
				FDBE7529290940EC002BD46F /* AppDelegate.swift */,
				FDBE752B290940EC002BD46F /* SceneDelegate.swift */,
				FDBE752F290940EC002BD46F /* Main.storyboard */,
				FDBE7532290940EE002BD46F /* Assets.xcassets */,
				FDBE7534290940EE002BD46F /* LaunchScreen.storyboard */,
				FD79BF13291B870900FA96A0 /* Model */,
				FD897710291B868600439418 /* ViewController */,
				FD89770F291B866400439418 /* VIew */,
				FDBE7537290940EE002BD46F /* Info.plist */,
			);
			path = halfModalUsingLibrary;
			sourceTree = "<group>";
		};
/* End PBXGroup section */

/* Begin PBXNativeTarget section */
		FDBE7525290940EC002BD46F /* halfModalUsingLibrary */ = {
			isa = PBXNativeTarget;
			buildConfigurationList = FDBE753A290940EE002BD46F /* Build configuration list for PBXNativeTarget "halfModalUsingLibrary" */;
			buildPhases = (
				AB72C6CDBCFBB76AEBE5C603 /* [CP] Check Pods Manifest.lock */,
				FDBE7522290940EC002BD46F /* Sources */,
				FDBE7523290940EC002BD46F /* Frameworks */,
				FDBE7524290940EC002BD46F /* Resources */,
				6780ACB9D1261C24BD4D5B81 /* [CP] Embed Pods Frameworks */,
			);
			buildRules = (
			);
			dependencies = (
			);
			name = halfModalUsingLibrary;
			productName = halfModalUsingLibrary;
			productReference = FDBE7526290940EC002BD46F /* halfModalUsingLibrary.app */;
			productType = "com.apple.product-type.application";
		};
/* End PBXNativeTarget section */

/* Begin PBXProject section */
		FDBE751E290940EC002BD46F /* Project object */ = {
			isa = PBXProject;
			attributes = {
				BuildIndependentTargetsInParallel = 1;
				LastSwiftUpdateCheck = 1400;
				LastUpgradeCheck = 1400;
				TargetAttributes = {
					FDBE7525290940EC002BD46F = {
						CreatedOnToolsVersion = 14.0.1;
					};
				};
			};
			buildConfigurationList = FDBE7521290940EC002BD46F /* Build configuration list for PBXProject "halfModalUsingLibrary" */;
			compatibilityVersion = "Xcode 14.0";
			developmentRegion = en;
			hasScannedForEncodings = 0;
			knownRegions = (
				en,
				Base,
			);
			mainGroup = FDBE751D290940EC002BD46F;
			productRefGroup = FDBE7527290940EC002BD46F /* Products */;
			projectDirPath = "";
			projectRoot = "";
			targets = (
				FDBE7525290940EC002BD46F /* halfModalUsingLibrary */,
			);
		};
/* End PBXProject section */

/* Begin PBXResourcesBuildPhase section */
		FDBE7524290940EC002BD46F /* Resources */ = {
			isa = PBXResourcesBuildPhase;
			buildActionMask = 2147483647;
			files = (
				FDBE7536290940EE002BD46F /* LaunchScreen.storyboard in Resources */,
				FD6F0198290F760700D1919B /* BasketBottomView.xib in Resources */,
				FDBE7533290940EE002BD46F /* Assets.xcassets in Resources */,
				FD83D407290A187700596AF4 /* BasketCollectionViewCell.xib in Resources */,
				FD4BD2FD291B9AF900099B23 /* EditViewController.xib in Resources */,
				FD83D3FF290A0FF700596AF4 /* BasketTopView.xib in Resources */,
				FDBE754229096445002BD46F /* BasketViewController.xib in Resources */,
				FDBE7531290940EC002BD46F /* Main.storyboard in Resources */,
			);
			runOnlyForDeploymentPostprocessing = 0;
		};
/* End PBXResourcesBuildPhase section */

/* Begin PBXShellScriptBuildPhase section */
		6780ACB9D1261C24BD4D5B81 /* [CP] Embed Pods Frameworks */ = {
			isa = PBXShellScriptBuildPhase;
			buildActionMask = 2147483647;
			files = (
			);
			inputFileListPaths = (
				"${PODS_ROOT}/Target Support Files/Pods-halfModalUsingLibrary/Pods-halfModalUsingLibrary-frameworks-${CONFIGURATION}-input-files.xcfilelist",
			);
			name = "[CP] Embed Pods Frameworks";
			outputFileListPaths = (
				"${PODS_ROOT}/Target Support Files/Pods-halfModalUsingLibrary/Pods-halfModalUsingLibrary-frameworks-${CONFIGURATION}-output-files.xcfilelist",
			);
			runOnlyForDeploymentPostprocessing = 0;
			shellPath = /bin/sh;
			shellScript = "\"${PODS_ROOT}/Target Support Files/Pods-halfModalUsingLibrary/Pods-halfModalUsingLibrary-frameworks.sh\"\n";
			showEnvVarsInLog = 0;
		};
		AB72C6CDBCFBB76AEBE5C603 /* [CP] Check Pods Manifest.lock */ = {
			isa = PBXShellScriptBuildPhase;
			buildActionMask = 2147483647;
			files = (
			);
			inputFileListPaths = (
			);
			inputPaths = (
				"${PODS_PODFILE_DIR_PATH}/Podfile.lock",
				"${PODS_ROOT}/Manifest.lock",
			);
			name = "[CP] Check Pods Manifest.lock";
			outputFileListPaths = (
			);
			outputPaths = (
				"$(DERIVED_FILE_DIR)/Pods-halfModalUsingLibrary-checkManifestLockResult.txt",
			);
			runOnlyForDeploymentPostprocessing = 0;
			shellPath = /bin/sh;
			shellScript = "diff \"${PODS_PODFILE_DIR_PATH}/Podfile.lock\" \"${PODS_ROOT}/Manifest.lock\" > /dev/null\nif [ $? != 0 ] ; then\n    # print error to STDERR\n    echo \"error: The sandbox is not in sync with the Podfile.lock. Run 'pod install' or update your CocoaPods installation.\" >&2\n    exit 1\nfi\n# This output is used by Xcode 'outputs' to avoid re-running this script phase.\necho \"SUCCESS\" > \"${SCRIPT_OUTPUT_FILE_0}\"\n";
			showEnvVarsInLog = 0;
		};
/* End PBXShellScriptBuildPhase section */

/* Begin PBXSourcesBuildPhase section */
		FDBE7522290940EC002BD46F /* Sources */ = {
			isa = PBXSourcesBuildPhase;
			buildActionMask = 2147483647;
			files = (
				FD83D401290A100700596AF4 /* BasketTopView.swift in Sources */,
				FD83D406290A187700596AF4 /* BasketCollectionViewCell.swift in Sources */,
				FDBE7540290950A3002BD46F /* MyFloatingPanelLayout.swift in Sources */,
				FD22282A2910AC2A000D68C7 /* ViewController.swift in Sources */,
				FDBE752A290940EC002BD46F /* AppDelegate.swift in Sources */,
				FDBE753E290946B6002BD46F /* BasketViewController.swift in Sources */,
				FDBE752C290940EC002BD46F /* SceneDelegate.swift in Sources */,
				FD22282C2910B22E000D68C7 /* BasketMedicine.swift in Sources */,
				FD83D403290A157300596AF4 /* NibView.swift in Sources */,
				FD4BD2FC291B9AF800099B23 /* EditViewController.swift in Sources */,
				FD6F0196290F75E500D1919B /* BasketBottomView.swift in Sources */,
			);
			runOnlyForDeploymentPostprocessing = 0;
		};
/* End PBXSourcesBuildPhase section */

/* Begin PBXVariantGroup section */
		FDBE752F290940EC002BD46F /* Main.storyboard */ = {
			isa = PBXVariantGroup;
			children = (
				FDBE7530290940EC002BD46F /* Base */,
			);
			name = Main.storyboard;
			sourceTree = "<group>";
		};
		FDBE7534290940EE002BD46F /* LaunchScreen.storyboard */ = {
			isa = PBXVariantGroup;
			children = (
				FDBE7535290940EE002BD46F /* Base */,
			);
			name = LaunchScreen.storyboard;
			sourceTree = "<group>";
		};
/* End PBXVariantGroup section */

/* Begin XCBuildConfiguration section */
		FDBE7538290940EE002BD46F /* Debug */ = {
			isa = XCBuildConfiguration;
			buildSettings = {
				ALWAYS_SEARCH_USER_PATHS = NO;
				CLANG_ANALYZER_NONNULL = YES;
				CLANG_ANALYZER_NUMBER_OBJECT_CONVERSION = YES_AGGRESSIVE;
				CLANG_CXX_LANGUAGE_STANDARD = "gnu++20";
				CLANG_ENABLE_MODULES = YES;
				CLANG_ENABLE_OBJC_ARC = YES;
				CLANG_ENABLE_OBJC_WEAK = YES;
				CLANG_WARN_BLOCK_CAPTURE_AUTORELEASING = YES;
				CLANG_WARN_BOOL_CONVERSION = YES;
				CLANG_WARN_COMMA = YES;
				CLANG_WARN_CONSTANT_CONVERSION = YES;
				CLANG_WARN_DEPRECATED_OBJC_IMPLEMENTATIONS = YES;
				CLANG_WARN_DIRECT_OBJC_ISA_USAGE = YES_ERROR;
				CLANG_WARN_DOCUMENTATION_COMMENTS = YES;
				CLANG_WARN_EMPTY_BODY = YES;
				CLANG_WARN_ENUM_CONVERSION = YES;
				CLANG_WARN_INFINITE_RECURSION = YES;
				CLANG_WARN_INT_CONVERSION = YES;
				CLANG_WARN_NON_LITERAL_NULL_CONVERSION = YES;
				CLANG_WARN_OBJC_IMPLICIT_RETAIN_SELF = YES;
				CLANG_WARN_OBJC_LITERAL_CONVERSION = YES;
				CLANG_WARN_OBJC_ROOT_CLASS = YES_ERROR;
				CLANG_WARN_QUOTED_INCLUDE_IN_FRAMEWORK_HEADER = YES;
				CLANG_WARN_RANGE_LOOP_ANALYSIS = YES;
				CLANG_WARN_STRICT_PROTOTYPES = YES;
				CLANG_WARN_SUSPICIOUS_MOVE = YES;
				CLANG_WARN_UNGUARDED_AVAILABILITY = YES_AGGRESSIVE;
				CLANG_WARN_UNREACHABLE_CODE = YES;
				CLANG_WARN__DUPLICATE_METHOD_MATCH = YES;
				COPY_PHASE_STRIP = NO;
				DEBUG_INFORMATION_FORMAT = dwarf;
				ENABLE_STRICT_OBJC_MSGSEND = YES;
				ENABLE_TESTABILITY = YES;
				GCC_C_LANGUAGE_STANDARD = gnu11;
				GCC_DYNAMIC_NO_PIC = NO;
				GCC_NO_COMMON_BLOCKS = YES;
				GCC_OPTIMIZATION_LEVEL = 0;
				GCC_PREPROCESSOR_DEFINITIONS = (
					"DEBUG=1",
					"$(inherited)",
				);
				GCC_WARN_64_TO_32_BIT_CONVERSION = YES;
				GCC_WARN_ABOUT_RETURN_TYPE = YES_ERROR;
				GCC_WARN_UNDECLARED_SELECTOR = YES;
				GCC_WARN_UNINITIALIZED_AUTOS = YES_AGGRESSIVE;
				GCC_WARN_UNUSED_FUNCTION = YES;
				GCC_WARN_UNUSED_VARIABLE = YES;
				IPHONEOS_DEPLOYMENT_TARGET = 12.0;
				MTL_ENABLE_DEBUG_INFO = INCLUDE_SOURCE;
				MTL_FAST_MATH = YES;
				ONLY_ACTIVE_ARCH = YES;
				SDKROOT = iphoneos;
				SWIFT_ACTIVE_COMPILATION_CONDITIONS = DEBUG;
				SWIFT_OPTIMIZATION_LEVEL = "-Onone";
			};
			name = Debug;
		};
		FDBE7539290940EE002BD46F /* Release */ = {
			isa = XCBuildConfiguration;
			buildSettings = {
				ALWAYS_SEARCH_USER_PATHS = NO;
				CLANG_ANALYZER_NONNULL = YES;
				CLANG_ANALYZER_NUMBER_OBJECT_CONVERSION = YES_AGGRESSIVE;
				CLANG_CXX_LANGUAGE_STANDARD = "gnu++20";
				CLANG_ENABLE_MODULES = YES;
				CLANG_ENABLE_OBJC_ARC = YES;
				CLANG_ENABLE_OBJC_WEAK = YES;
				CLANG_WARN_BLOCK_CAPTURE_AUTORELEASING = YES;
				CLANG_WARN_BOOL_CONVERSION = YES;
				CLANG_WARN_COMMA = YES;
				CLANG_WARN_CONSTANT_CONVERSION = YES;
				CLANG_WARN_DEPRECATED_OBJC_IMPLEMENTATIONS = YES;
				CLANG_WARN_DIRECT_OBJC_ISA_USAGE = YES_ERROR;
				CLANG_WARN_DOCUMENTATION_COMMENTS = YES;
				CLANG_WARN_EMPTY_BODY = YES;
				CLANG_WARN_ENUM_CONVERSION = YES;
				CLANG_WARN_INFINITE_RECURSION = YES;
				CLANG_WARN_INT_CONVERSION = YES;
				CLANG_WARN_NON_LITERAL_NULL_CONVERSION = YES;
				CLANG_WARN_OBJC_IMPLICIT_RETAIN_SELF = YES;
				CLANG_WARN_OBJC_LITERAL_CONVERSION = YES;
				CLANG_WARN_OBJC_ROOT_CLASS = YES_ERROR;
				CLANG_WARN_QUOTED_INCLUDE_IN_FRAMEWORK_HEADER = YES;
				CLANG_WARN_RANGE_LOOP_ANALYSIS = YES;
				CLANG_WARN_STRICT_PROTOTYPES = YES;
				CLANG_WARN_SUSPICIOUS_MOVE = YES;
				CLANG_WARN_UNGUARDED_AVAILABILITY = YES_AGGRESSIVE;
				CLANG_WARN_UNREACHABLE_CODE = YES;
				CLANG_WARN__DUPLICATE_METHOD_MATCH = YES;
				COPY_PHASE_STRIP = NO;
				DEBUG_INFORMATION_FORMAT = "dwarf-with-dsym";
				ENABLE_NS_ASSERTIONS = NO;
				ENABLE_STRICT_OBJC_MSGSEND = YES;
				GCC_C_LANGUAGE_STANDARD = gnu11;
				GCC_NO_COMMON_BLOCKS = YES;
				GCC_WARN_64_TO_32_BIT_CONVERSION = YES;
				GCC_WARN_ABOUT_RETURN_TYPE = YES_ERROR;
				GCC_WARN_UNDECLARED_SELECTOR = YES;
				GCC_WARN_UNINITIALIZED_AUTOS = YES_AGGRESSIVE;
				GCC_WARN_UNUSED_FUNCTION = YES;
				GCC_WARN_UNUSED_VARIABLE = YES;
				IPHONEOS_DEPLOYMENT_TARGET = 12.0;
				MTL_ENABLE_DEBUG_INFO = NO;
				MTL_FAST_MATH = YES;
				SDKROOT = iphoneos;
				SWIFT_COMPILATION_MODE = wholemodule;
				SWIFT_OPTIMIZATION_LEVEL = "-O";
				VALIDATE_PRODUCT = YES;
			};
			name = Release;
		};
		FDBE753B290940EE002BD46F /* Debug */ = {
			isa = XCBuildConfiguration;
			baseConfigurationReference = 03B1413A00428A042030BFFA /* Pods-halfModalUsingLibrary.debug.xcconfig */;
			buildSettings = {
				ASSETCATALOG_COMPILER_APPICON_NAME = AppIcon;
				ASSETCATALOG_COMPILER_GLOBAL_ACCENT_COLOR_NAME = AccentColor;
				CODE_SIGN_STYLE = Automatic;
				CURRENT_PROJECT_VERSION = 1;
				DEVELOPMENT_TEAM = B9WD868NNN;
				GENERATE_INFOPLIST_FILE = YES;
				INFOPLIST_FILE = halfModalUsingLibrary/Info.plist;
				INFOPLIST_KEY_UIApplicationSupportsIndirectInputEvents = YES;
				INFOPLIST_KEY_UILaunchStoryboardName = LaunchScreen;
				INFOPLIST_KEY_UIMainStoryboardFile = Main;
				INFOPLIST_KEY_UISupportedInterfaceOrientations_iPad = "UIInterfaceOrientationPortrait UIInterfaceOrientationPortraitUpsideDown UIInterfaceOrientationLandscapeLeft UIInterfaceOrientationLandscapeRight";
				INFOPLIST_KEY_UISupportedInterfaceOrientations_iPhone = "UIInterfaceOrientationPortrait UIInterfaceOrientationLandscapeLeft UIInterfaceOrientationLandscapeRight";
				LD_RUNPATH_SEARCH_PATHS = (
					"$(inherited)",
					"@executable_path/Frameworks",
				);
				MARKETING_VERSION = 1.0;
				PRODUCT_BUNDLE_IDENTIFIER = emiri.halfModalUsingLibrary;
				PRODUCT_NAME = "$(TARGET_NAME)";
				SWIFT_EMIT_LOC_STRINGS = YES;
				SWIFT_VERSION = 5.0;
				TARGETED_DEVICE_FAMILY = "1,2";
			};
			name = Debug;
		};
		FDBE753C290940EE002BD46F /* Release */ = {
			isa = XCBuildConfiguration;
			baseConfigurationReference = 7284EF17EA56F37056180C79 /* Pods-halfModalUsingLibrary.release.xcconfig */;
			buildSettings = {
				ASSETCATALOG_COMPILER_APPICON_NAME = AppIcon;
				ASSETCATALOG_COMPILER_GLOBAL_ACCENT_COLOR_NAME = AccentColor;
				CODE_SIGN_STYLE = Automatic;
				CURRENT_PROJECT_VERSION = 1;
				DEVELOPMENT_TEAM = B9WD868NNN;
				GENERATE_INFOPLIST_FILE = YES;
				INFOPLIST_FILE = halfModalUsingLibrary/Info.plist;
				INFOPLIST_KEY_UIApplicationSupportsIndirectInputEvents = YES;
				INFOPLIST_KEY_UILaunchStoryboardName = LaunchScreen;
				INFOPLIST_KEY_UIMainStoryboardFile = Main;
				INFOPLIST_KEY_UISupportedInterfaceOrientations_iPad = "UIInterfaceOrientationPortrait UIInterfaceOrientationPortraitUpsideDown UIInterfaceOrientationLandscapeLeft UIInterfaceOrientationLandscapeRight";
				INFOPLIST_KEY_UISupportedInterfaceOrientations_iPhone = "UIInterfaceOrientationPortrait UIInterfaceOrientationLandscapeLeft UIInterfaceOrientationLandscapeRight";
				LD_RUNPATH_SEARCH_PATHS = (
					"$(inherited)",
					"@executable_path/Frameworks",
				);
				MARKETING_VERSION = 1.0;
				PRODUCT_BUNDLE_IDENTIFIER = emiri.halfModalUsingLibrary;
				PRODUCT_NAME = "$(TARGET_NAME)";
				SWIFT_EMIT_LOC_STRINGS = YES;
				SWIFT_VERSION = 5.0;
				TARGETED_DEVICE_FAMILY = "1,2";
			};
			name = Release;
		};
/* End XCBuildConfiguration section */

/* Begin XCConfigurationList section */
		FDBE7521290940EC002BD46F /* Build configuration list for PBXProject "halfModalUsingLibrary" */ = {
			isa = XCConfigurationList;
			buildConfigurations = (
				FDBE7538290940EE002BD46F /* Debug */,
				FDBE7539290940EE002BD46F /* Release */,
			);
			defaultConfigurationIsVisible = 0;
			defaultConfigurationName = Release;
		};
		FDBE753A290940EE002BD46F /* Build configuration list for PBXNativeTarget "halfModalUsingLibrary" */ = {
			isa = XCConfigurationList;
			buildConfigurations = (
				FDBE753B290940EE002BD46F /* Debug */,
				FDBE753C290940EE002BD46F /* Release */,
			);
			defaultConfigurationIsVisible = 0;
			defaultConfigurationName = Release;
		};
/* End XCConfigurationList section */
	};
	rootObject = FDBE751E290940EC002BD46F /* Project object */;
}
